// !$*UTF8*$!
{
	archiveVersion = 1;
	classes = {
	};
	objectVersion = 50;
	objects = {

/* Begin PBXBuildFile section */
		18C6A8EA23DC4D2500194464 /* BookViewController.swift in Sources */ = {isa = PBXBuildFile; fileRef = 18C6A8E923DC4D2500194464 /* BookViewController.swift */; };
		18C6A8EC23DC6D0200194464 /* ListViewController.swift in Sources */ = {isa = PBXBuildFile; fileRef = 18C6A8EB23DC6D0200194464 /* ListViewController.swift */; };
		18C6A8EF23DC98E600194464 /* Employee+CoreDataClass.swift in Sources */ = {isa = PBXBuildFile; fileRef = 18C6A8ED23DC98E600194464 /* Employee+CoreDataClass.swift */; };
		18C6A8F023DC98E600194464 /* Employee+CoreDataProperties.swift in Sources */ = {isa = PBXBuildFile; fileRef = 18C6A8EE23DC98E600194464 /* Employee+CoreDataProperties.swift */; };
		18EA99AF23DC1D9300E16078 /* AppDelegate.swift in Sources */ = {isa = PBXBuildFile; fileRef = 18EA99AE23DC1D9300E16078 /* AppDelegate.swift */; };
		18EA99B123DC1D9300E16078 /* SceneDelegate.swift in Sources */ = {isa = PBXBuildFile; fileRef = 18EA99B023DC1D9300E16078 /* SceneDelegate.swift */; };
		18EA99B623DC1D9300E16078 /* Main.storyboard in Resources */ = {isa = PBXBuildFile; fileRef = 18EA99B423DC1D9300E16078 /* Main.storyboard */; };
		18EA99B923DC1D9300E16078 /* CoreDataDemo.xcdatamodeld in Sources */ = {isa = PBXBuildFile; fileRef = 18EA99B723DC1D9300E16078 /* CoreDataDemo.xcdatamodeld */; };
		18EA99BB23DC1D9600E16078 /* Assets.xcassets in Resources */ = {isa = PBXBuildFile; fileRef = 18EA99BA23DC1D9600E16078 /* Assets.xcassets */; };
		18EA99BE23DC1D9600E16078 /* LaunchScreen.storyboard in Resources */ = {isa = PBXBuildFile; fileRef = 18EA99BC23DC1D9600E16078 /* LaunchScreen.storyboard */; };
/* End PBXBuildFile section */

/* Begin PBXFileReference section */
		18C6A8E923DC4D2500194464 /* BookViewController.swift */ = {isa = PBXFileReference; fileEncoding = 4; lastKnownFileType = sourcecode.swift; path = BookViewController.swift; sourceTree = "<group>"; };
		18C6A8EB23DC6D0200194464 /* ListViewController.swift */ = {isa = PBXFileReference; lastKnownFileType = sourcecode.swift; path = ListViewController.swift; sourceTree = "<group>"; };
		18C6A8ED23DC98E600194464 /* Employee+CoreDataClass.swift */ = {isa = PBXFileReference; lastKnownFileType = sourcecode.swift; path = "Employee+CoreDataClass.swift"; sourceTree = "<group>"; };
		18C6A8EE23DC98E600194464 /* Employee+CoreDataProperties.swift */ = {isa = PBXFileReference; lastKnownFileType = sourcecode.swift; path = "Employee+CoreDataProperties.swift"; sourceTree = "<group>"; };
		18EA99AB23DC1D9300E16078 /* CoreDataDemo.app */ = {isa = PBXFileReference; explicitFileType = wrapper.application; includeInIndex = 0; path = CoreDataDemo.app; sourceTree = BUILT_PRODUCTS_DIR; };
		18EA99AE23DC1D9300E16078 /* AppDelegate.swift */ = {isa = PBXFileReference; lastKnownFileType = sourcecode.swift; path = AppDelegate.swift; sourceTree = "<group>"; };
		18EA99B023DC1D9300E16078 /* SceneDelegate.swift */ = {isa = PBXFileReference; lastKnownFileType = sourcecode.swift; path = SceneDelegate.swift; sourceTree = "<group>"; };
		18EA99B523DC1D9300E16078 /* Base */ = {isa = PBXFileReference; lastKnownFileType = file.storyboard; name = Base; path = Base.lproj/Main.storyboard; sourceTree = "<group>"; };
		18EA99B823DC1D9300E16078 /* CoreDataDemo.xcdatamodel */ = {isa = PBXFileReference; lastKnownFileType = wrapper.xcdatamodel; path = CoreDataDemo.xcdatamodel; sourceTree = "<group>"; };
		18EA99BA23DC1D9600E16078 /* Assets.xcassets */ = {isa = PBXFileReference; lastKnownFileType = folder.assetcatalog; path = Assets.xcassets; sourceTree = "<group>"; };
		18EA99BD23DC1D9600E16078 /* Base */ = {isa = PBXFileReference; lastKnownFileType = file.storyboard; name = Base; path = Base.lproj/LaunchScreen.storyboard; sourceTree = "<group>"; };
		18EA99BF23DC1D9600E16078 /* Info.plist */ = {isa = PBXFileReference; lastKnownFileType = text.plist.xml; path = Info.plist; sourceTree = "<group>"; };
/* End PBXFileReference section */

/* Begin PBXFrameworksBuildPhase section */
		18EA99A823DC1D9300E16078 /* Frameworks */ = {
			isa = PBXFrameworksBuildPhase;
			buildActionMask = 2147483647;
			files = (
			);
			runOnlyForDeploymentPostprocessing = 0;
		};
/* End PBXFrameworksBuildPhase section */

/* Begin PBXGroup section */
		18EA99A223DC1D9300E16078 = {
			isa = PBXGroup;
			children = (
				18C6A8ED23DC98E600194464 /* Employee+CoreDataClass.swift */,
				18C6A8EE23DC98E600194464 /* Employee+CoreDataProperties.swift */,
				18EA99AD23DC1D9300E16078 /* CoreDataDemo */,
				18EA99AC23DC1D9300E16078 /* Products */,
			);
			sourceTree = "<group>";
		};
		18EA99AC23DC1D9300E16078 /* Products */ = {
			isa = PBXGroup;
			children = (
				18EA99AB23DC1D9300E16078 /* CoreDataDemo.app */,
			);
			name = Products;
			sourceTree = "<group>";
		};
		18EA99AD23DC1D9300E16078 /* CoreDataDemo */ = {
			isa = PBXGroup;
			children = (
				18EA99AE23DC1D9300E16078 /* AppDelegate.swift */,
				18EA99B023DC1D9300E16078 /* SceneDelegate.swift */,
				18C6A8EB23DC6D0200194464 /* ListViewController.swift */,
				18C6A8E923DC4D2500194464 /* BookViewController.swift */,
				18EA99B423DC1D9300E16078 /* Main.storyboard */,
				18EA99BA23DC1D9600E16078 /* Assets.xcassets */,
				18EA99BC23DC1D9600E16078 /* LaunchScreen.storyboard */,
				18EA99BF23DC1D9600E16078 /* Info.plist */,
				18EA99B723DC1D9300E16078 /* CoreDataDemo.xcdatamodeld */,
			);
			path = CoreDataDemo;
			sourceTree = "<group>";
		};
/* End PBXGroup section */

/* Begin PBXNativeTarget section */
		18EA99AA23DC1D9300E16078 /* CoreDataDemo */ = {
			isa = PBXNativeTarget;
			buildConfigurationList = 18EA99C223DC1D9600E16078 /* Build configuration list for PBXNativeTarget "CoreDataDemo" */;
			buildPhases = (
				18EA99A723DC1D9300E16078 /* Sources */,
				18EA99A823DC1D9300E16078 /* Frameworks */,
				18EA99A923DC1D9300E16078 /* Resources */,
			);
			buildRules = (
			);
			dependencies = (
			);
			name = CoreDataDemo;
			productName = CoreDataDemo;
			productReference = 18EA99AB23DC1D9300E16078 /* CoreDataDemo.app */;
			productType = "com.apple.product-type.application";
		};
/* End PBXNativeTarget section */

/* Begin PBXProject section */
		18EA99A323DC1D9300E16078 /* Project object */ = {
			isa = PBXProject;
			attributes = {
				LastSwiftUpdateCheck = 1120;
				LastUpgradeCheck = 1120;
				ORGANIZATIONNAME = Vinoth;
				TargetAttributes = {
					18EA99AA23DC1D9300E16078 = {
						CreatedOnToolsVersion = 11.2.1;
					};
				};
			};
			buildConfigurationList = 18EA99A623DC1D9300E16078 /* Build configuration list for PBXProject "CoreDataDemo" */;
			compatibilityVersion = "Xcode 9.3";
			developmentRegion = en;
			hasScannedForEncodings = 0;
			knownRegions = (
				en,
				Base,
			);
			mainGroup = 18EA99A223DC1D9300E16078;
			productRefGroup = 18EA99AC23DC1D9300E16078 /* Products */;
			projectDirPath = "";
			projectRoot = "";
			targets = (
				18EA99AA23DC1D9300E16078 /* CoreDataDemo */,
			);
		};
/* End PBXProject section */

/* Begin PBXResourcesBuildPhase section */
		18EA99A923DC1D9300E16078 /* Resources */ = {
			isa = PBXResourcesBuildPhase;
			buildActionMask = 2147483647;
			files = (
				18EA99BE23DC1D9600E16078 /* LaunchScreen.storyboard in Resources */,
				18EA99BB23DC1D9600E16078 /* Assets.xcassets in Resources */,
				18EA99B623DC1D9300E16078 /* Main.storyboard in Resources */,
			);
			runOnlyForDeploymentPostprocessing = 0;
		};
/* End PBXResourcesBuildPhase section */

/* Begin PBXSourcesBuildPhase section */
		18EA99A723DC1D9300E16078 /* Sources */ = {
			isa = PBXSourcesBuildPhase;
			buildActionMask = 2147483647;
			files = (
				18EA99B923DC1D9300E16078 /* CoreDataDemo.xcdatamodeld in Sources */,
				18C6A8EF23DC98E600194464 /* Employee+CoreDataClass.swift in Sources */,
				18C6A8EA23DC4D2500194464 /* BookViewController.swift in Sources */,
				18EA99AF23DC1D9300E16078 /* AppDelegate.swift in Sources */,
				18C6A8EC23DC6D0200194464 /* ListViewController.swift in Sources */,
				18EA99B123DC1D9300E16078 /* SceneDelegate.swift in Sources */,
				18C6A8F023DC98E600194464 /* Employee+CoreDataProperties.swift in Sources */,
			);
			runOnlyForDeploymentPostprocessing = 0;
		};
/* End PBXSourcesBuildPhase section */

/* Begin PBXVariantGroup section */
		18EA99B423DC1D9300E16078 /* Main.storyboard */ = {
			isa = PBXVariantGroup;
			children = (
				18EA99B523DC1D9300E16078 /* Base */,
			);
			name = Main.storyboard;
			sourceTree = "<group>";
		};
		18EA99BC23DC1D9600E16078 /* LaunchScreen.storyboard */ = {
			isa = PBXVariantGroup;
			children = (
				18EA99BD23DC1D9600E16078 /* Base */,
			);
			name = LaunchScreen.storyboard;
			sourceTree = "<group>";
		};
/* End PBXVariantGroup section */

/* Begin XCBuildConfiguration section */
		18EA99C023DC1D9600E16078 /* Debug */ = {
			isa = XCBuildConfiguration;
			buildSettings = {
				ALWAYS_SEARCH_USER_PATHS = NO;
				CLANG_ANALYZER_NONNULL = YES;
				CLANG_ANALYZER_NUMBER_OBJECT_CONVERSION = YES_AGGRESSIVE;
				CLANG_CXX_LANGUAGE_STANDARD = "gnu++14";
				CLANG_CXX_LIBRARY = "libc++";
				CLANG_ENABLE_MODULES = YES;
				CLANG_ENABLE_OBJC_ARC = YES;
				CLANG_ENABLE_OBJC_WEAK = YES;
				CLANG_WARN_BLOCK_CAPTURE_AUTORELEASING = YES;
				CLANG_WARN_BOOL_CONVERSION = YES;
				CLANG_WARN_COMMA = YES;
				CLANG_WARN_CONSTANT_CONVERSION = YES;
				CLANG_WARN_DEPRECATED_OBJC_IMPLEMENTATIONS = YES;
				CLANG_WARN_DIRECT_OBJC_ISA_USAGE = YES_ERROR;
				CLANG_WARN_DOCUMENTATION_COMMENTS = YES;
				CLANG_WARN_EMPTY_BODY = YES;
				CLANG_WARN_ENUM_CONVERSION = YES;
				CLANG_WARN_INFINITE_RECURSION = YES;
				CLANG_WARN_INT_CONVERSION = YES;
				CLANG_WARN_NON_LITERAL_NULL_CONVERSION = YES;
				CLANG_WARN_OBJC_IMPLICIT_RETAIN_SELF = YES;
				CLANG_WARN_OBJC_LITERAL_CONVERSION = YES;
				CLANG_WARN_OBJC_ROOT_CLASS = YES_ERROR;
				CLANG_WARN_RANGE_LOOP_ANALYSIS = YES;
				CLANG_WARN_STRICT_PROTOTYPES = YES;
				CLANG_WARN_SUSPICIOUS_MOVE = YES;
				CLANG_WARN_UNGUARDED_AVAILABILITY = YES_AGGRESSIVE;
				CLANG_WARN_UNREACHABLE_CODE = YES;
				CLANG_WARN__DUPLICATE_METHOD_MATCH = YES;
				COPY_PHASE_STRIP = NO;
				DEBUG_INFORMATION_FORMAT = dwarf;
				ENABLE_STRICT_OBJC_MSGSEND = YES;
				ENABLE_TESTABILITY = YES;
				GCC_C_LANGUAGE_STANDARD = gnu11;
				GCC_DYNAMIC_NO_PIC = NO;
				GCC_NO_COMMON_BLOCKS = YES;
				GCC_OPTIMIZATION_LEVEL = 0;
				GCC_PREPROCESSOR_DEFINITIONS = (
					"DEBUG=1",
					"$(inherited)",
				);
				GCC_WARN_64_TO_32_BIT_CONVERSION = YES;
				GCC_WARN_ABOUT_RETURN_TYPE = YES_ERROR;
				GCC_WARN_UNDECLARED_SELECTOR = YES;
				GCC_WARN_UNINITIALIZED_AUTOS = YES_AGGRESSIVE;
				GCC_WARN_UNUSED_FUNCTION = YES;
				GCC_WARN_UNUSED_VARIABLE = YES;
				IPHONEOS_DEPLOYMENT_TARGET = 13.2;
				MTL_ENABLE_DEBUG_INFO = INCLUDE_SOURCE;
				MTL_FAST_MATH = YES;
				ONLY_ACTIVE_ARCH = YES;
				SDKROOT = iphoneos;
				SWIFT_ACTIVE_COMPILATION_CONDITIONS = DEBUG;
				SWIFT_OPTIMIZATION_LEVEL = "-Onone";
			};
			name = Debug;
		};
		18EA99C123DC1D9600E16078 /* Release */ = {
			isa = XCBuildConfiguration;
			buildSettings = {
				ALWAYS_SEARCH_USER_PATHS = NO;
				CLANG_ANALYZER_NONNULL = YES;
				CLANG_ANALYZER_NUMBER_OBJECT_CONVERSION = YES_AGGRESSIVE;
				CLANG_CXX_LANGUAGE_STANDARD = "gnu++14";
				CLANG_CXX_LIBRARY = "libc++";
				CLANG_ENABLE_MODULES = YES;
				CLANG_ENABLE_OBJC_ARC = YES;
				CLANG_ENABLE_OBJC_WEAK = YES;
				CLANG_WARN_BLOCK_CAPTURE_AUTORELEASING = YES;
				CLANG_WARN_BOOL_CONVERSION = YES;
				CLANG_WARN_COMMA = YES;
				CLANG_WARN_CONSTANT_CONVERSION = YES;
				CLANG_WARN_DEPRECATED_OBJC_IMPLEMENTATIONS = YES;
				CLANG_WARN_DIRECT_OBJC_ISA_USAGE = YES_ERROR;
				CLANG_WARN_DOCUMENTATION_COMMENTS = YES;
				CLANG_WARN_EMPTY_BODY = YES;
				CLANG_WARN_ENUM_CONVERSION = YES;
				CLANG_WARN_INFINITE_RECURSION = YES;
				CLANG_WARN_INT_CONVERSION = YES;
				CLANG_WARN_NON_LITERAL_NULL_CONVERSION = YES;
				CLANG_WARN_OBJC_IMPLICIT_RETAIN_SELF = YES;
				CLANG_WARN_OBJC_LITERAL_CONVERSION = YES;
				CLANG_WARN_OBJC_ROOT_CLASS = YES_ERROR;
				CLANG_WARN_RANGE_LOOP_ANALYSIS = YES;
				CLANG_WARN_STRICT_PROTOTYPES = YES;
				CLANG_WARN_SUSPICIOUS_MOVE = YES;
				CLANG_WARN_UNGUARDED_AVAILABILITY = YES_AGGRESSIVE;
				CLANG_WARN_UNREACHABLE_CODE = YES;
				CLANG_WARN__DUPLICATE_METHOD_MATCH = YES;
				COPY_PHASE_STRIP = NO;
				DEBUG_INFORMATION_FORMAT = "dwarf-with-dsym";
				ENABLE_NS_ASSERTIONS = NO;
				ENABLE_STRICT_OBJC_MSGSEND = YES;
				GCC_C_LANGUAGE_STANDARD = gnu11;
				GCC_NO_COMMON_BLOCKS = YES;
				GCC_WARN_64_TO_32_BIT_CONVERSION = YES;
				GCC_WARN_ABOUT_RETURN_TYPE = YES_ERROR;
				GCC_WARN_UNDECLARED_SELECTOR = YES;
				GCC_WARN_UNINITIALIZED_AUTOS = YES_AGGRESSIVE;
				GCC_WARN_UNUSED_FUNCTION = YES;
				GCC_WARN_UNUSED_VARIABLE = YES;
				IPHONEOS_DEPLOYMENT_TARGET = 13.2;
				MTL_ENABLE_DEBUG_INFO = NO;
				MTL_FAST_MATH = YES;
				SDKROOT = iphoneos;
				SWIFT_COMPILATION_MODE = wholemodule;
				SWIFT_OPTIMIZATION_LEVEL = "-O";
				VALIDATE_PRODUCT = YES;
			};
			name = Release;
		};
		18EA99C323DC1D9600E16078 /* Debug */ = {
			isa = XCBuildConfiguration;
			buildSettings = {
				ASSETCATALOG_COMPILER_APPICON_NAME = AppIcon;
				CODE_SIGN_STYLE = Automatic;
				DEVELOPMENT_TEAM = 9W5W4S5PA3;
				INFOPLIST_FILE = CoreDataDemo/Info.plist;
				IPHONEOS_DEPLOYMENT_TARGET = 10.0;
				LD_RUNPATH_SEARCH_PATHS = (
					"$(inherited)",
					"@executable_path/Frameworks",
				);
				PRODUCT_BUNDLE_IDENTIFIER = com.ideas2it.CoreDataDemo;
				PRODUCT_NAME = "$(TARGET_NAME)";
				SWIFT_VERSION = 5.0;
				TARGETED_DEVICE_FAMILY = "1,2";
			};
			name = Debug;
		};
		18EA99C423DC1D9600E16078 /* Release */ = {
			isa = XCBuildConfiguration;
			buildSettings = {
				ASSETCATALOG_COMPILER_APPICON_NAME = AppIcon;
				CODE_SIGN_STYLE = Automatic;
				DEVELOPMENT_TEAM = 9W5W4S5PA3;
				INFOPLIST_FILE = CoreDataDemo/Info.plist;
				IPHONEOS_DEPLOYMENT_TARGET = 10.0;
				LD_RUNPATH_SEARCH_PATHS = (
					"$(inherited)",
					"@executable_path/Frameworks",
				);
				PRODUCT_BUNDLE_IDENTIFIER = com.ideas2it.CoreDataDemo;
				PRODUCT_NAME = "$(TARGET_NAME)";
				SWIFT_VERSION = 5.0;
				TARGETED_DEVICE_FAMILY = "1,2";
			};
			name = Release;
		};
/* End XCBuildConfiguration section */

/* Begin XCConfigurationList section */
		18EA99A623DC1D9300E16078 /* Build configuration list for PBXProject "CoreDataDemo" */ = {
			isa = XCConfigurationList;
			buildConfigurations = (
				18EA99C023DC1D9600E16078 /* Debug */,
				18EA99C123DC1D9600E16078 /* Release */,
			);
			defaultConfigurationIsVisible = 0;
			defaultConfigurationName = Release;
		};
		18EA99C223DC1D9600E16078 /* Build configuration list for PBXNativeTarget "CoreDataDemo" */ = {
			isa = XCConfigurationList;
			buildConfigurations = (
				18EA99C323DC1D9600E16078 /* Debug */,
				18EA99C423DC1D9600E16078 /* Release */,
			);
			defaultConfigurationIsVisible = 0;
			defaultConfigurationName = Release;
		};
/* End XCConfigurationList section */

/* Begin XCVersionGroup section */
		18EA99B723DC1D9300E16078 /* CoreDataDemo.xcdatamodeld */ = {
			isa = XCVersionGroup;
			children = (
				18EA99B823DC1D9300E16078 /* CoreDataDemo.xcdatamodel */,
			);
			currentVersion = 18EA99B823DC1D9300E16078 /* CoreDataDemo.xcdatamodel */;
			path = CoreDataDemo.xcdatamodeld;
			sourceTree = "<group>";
			versionGroupType = wrapper.xcdatamodel;
		};
/* End XCVersionGroup section */
	};
	rootObject = 18EA99A323DC1D9300E16078 /* Project object */;
}
